
Microsoft Visual Studio Solution File, Format Version 11.00
# Visual Studio 2010
Project("{FAE04EC0-301F-11D3-BF4B-00C04F79EFBC}") = "TMM_iOS", "TMM_iOS\TMM_iOS.csproj", "{A28A267D-0EA2-465C-A024-9E4D2CC4C898}"
EndProject
Project("{FAE04EC0-301F-11D3-BF4B-00C04F79EFBC}") = "TMM_Android", "TMM_Android\TMM_Android.csproj", "{64402EC6-900E-44D2-BD81-F20D8441F665}"
EndProject
Project("{FAE04EC0-301F-11D3-BF4B-00C04F79EFBC}") = "TMM.Core.Android.Source", "TMM.Core.Android.Source\TMM.Core.Android.Source.csproj", "{99641909-C59E-4E20-8550-D065037233C6}"
EndProject
Project("{FAE04EC0-301F-11D3-BF4B-00C04F79EFBC}") = "TMM.Core.iOS.Linked", "TMM.Core.iOS.Linked\TMM.Core.iOS.Linked.csproj", "{44353F5D-EB42-40B9-A600-341194B02F7F}"
EndProject
Global
	GlobalSection(SolutionConfigurationPlatforms) = preSolution
		Debug|Any CPU = Debug|Any CPU
		Release|Any CPU = Release|Any CPU
		Debug|iPhoneSimulator = Debug|iPhoneSimulator
		Release|iPhoneSimulator = Release|iPhoneSimulator
		Debug|iPhone = Debug|iPhone
		Release|iPhone = Release|iPhone
		Ad-Hoc|iPhone = Ad-Hoc|iPhone
		AppStore|iPhone = AppStore|iPhone
	EndGlobalSection
	GlobalSection(ProjectConfigurationPlatforms) = postSolution
		{44353F5D-EB42-40B9-A600-341194B02F7F}.Ad-Hoc|iPhone.ActiveCfg = Release|Any CPU
		{44353F5D-EB42-40B9-A600-341194B02F7F}.Ad-Hoc|iPhone.Build.0 = Release|Any CPU
		{44353F5D-EB42-40B9-A600-341194B02F7F}.AppStore|iPhone.ActiveCfg = Release|Any CPU
		{44353F5D-EB42-40B9-A600-341194B02F7F}.AppStore|iPhone.Build.0 = Release|Any CPU
		{44353F5D-EB42-40B9-A600-341194B02F7F}.Debug|Any CPU.ActiveCfg = Debug|Any CPU
		{44353F5D-EB42-40B9-A600-341194B02F7F}.Debug|Any CPU.Build.0 = Debug|Any CPU
		{44353F5D-EB42-40B9-A600-341194B02F7F}.Debug|iPhone.ActiveCfg = Debug|Any CPU
		{44353F5D-EB42-40B9-A600-341194B02F7F}.Debug|iPhone.Build.0 = Debug|Any CPU
		{44353F5D-EB42-40B9-A600-341194B02F7F}.Debug|iPhoneSimulator.ActiveCfg = Debug|Any CPU
		{44353F5D-EB42-40B9-A600-341194B02F7F}.Debug|iPhoneSimulator.Build.0 = Debug|Any CPU
		{44353F5D-EB42-40B9-A600-341194B02F7F}.Release|Any CPU.ActiveCfg = Release|Any CPU
		{44353F5D-EB42-40B9-A600-341194B02F7F}.Release|Any CPU.Build.0 = Release|Any CPU
		{44353F5D-EB42-40B9-A600-341194B02F7F}.Release|iPhone.ActiveCfg = Release|Any CPU
		{44353F5D-EB42-40B9-A600-341194B02F7F}.Release|iPhone.Build.0 = Release|Any CPU
		{44353F5D-EB42-40B9-A600-341194B02F7F}.Release|iPhoneSimulator.ActiveCfg = Release|Any CPU
		{44353F5D-EB42-40B9-A600-341194B02F7F}.Release|iPhoneSimulator.Build.0 = Release|Any CPU
		{64402EC6-900E-44D2-BD81-F20D8441F665}.Ad-Hoc|iPhone.ActiveCfg = Release|Any CPU
		{64402EC6-900E-44D2-BD81-F20D8441F665}.Ad-Hoc|iPhone.Build.0 = Release|Any CPU
		{64402EC6-900E-44D2-BD81-F20D8441F665}.AppStore|iPhone.ActiveCfg = Release|Any CPU
		{64402EC6-900E-44D2-BD81-F20D8441F665}.AppStore|iPhone.Build.0 = Release|Any CPU
		{64402EC6-900E-44D2-BD81-F20D8441F665}.Debug|Any CPU.ActiveCfg = Debug|Any CPU
		{64402EC6-900E-44D2-BD81-F20D8441F665}.Debug|Any CPU.Build.0 = Debug|Any CPU
		{64402EC6-900E-44D2-BD81-F20D8441F665}.Debug|iPhone.ActiveCfg = Debug|Any CPU
		{64402EC6-900E-44D2-BD81-F20D8441F665}.Debug|iPhone.Build.0 = Debug|Any CPU
		{64402EC6-900E-44D2-BD81-F20D8441F665}.Debug|iPhoneSimulator.ActiveCfg = Debug|Any CPU
		{64402EC6-900E-44D2-BD81-F20D8441F665}.Debug|iPhoneSimulator.Build.0 = Debug|Any CPU
		{64402EC6-900E-44D2-BD81-F20D8441F665}.Release|Any CPU.ActiveCfg = Release|Any CPU
		{64402EC6-900E-44D2-BD81-F20D8441F665}.Release|Any CPU.Build.0 = Release|Any CPU
		{64402EC6-900E-44D2-BD81-F20D8441F665}.Release|iPhone.ActiveCfg = Release|Any CPU
		{64402EC6-900E-44D2-BD81-F20D8441F665}.Release|iPhone.Build.0 = Release|Any CPU
		{64402EC6-900E-44D2-BD81-F20D8441F665}.Release|iPhoneSimulator.ActiveCfg = Release|Any CPU
		{64402EC6-900E-44D2-BD81-F20D8441F665}.Release|iPhoneSimulator.Build.0 = Release|Any CPU
		{99641909-C59E-4E20-8550-D065037233C6}.Ad-Hoc|iPhone.ActiveCfg = Release|Any CPU
		{99641909-C59E-4E20-8550-D065037233C6}.Ad-Hoc|iPhone.Build.0 = Release|Any CPU
		{99641909-C59E-4E20-8550-D065037233C6}.AppStore|iPhone.ActiveCfg = Release|Any CPU
		{99641909-C59E-4E20-8550-D065037233C6}.AppStore|iPhone.Build.0 = Release|Any CPU
		{99641909-C59E-4E20-8550-D065037233C6}.Debug|Any CPU.ActiveCfg = Debug|Any CPU
		{99641909-C59E-4E20-8550-D065037233C6}.Debug|Any CPU.Build.0 = Debug|Any CPU
		{99641909-C59E-4E20-8550-D065037233C6}.Debug|iPhone.ActiveCfg = Debug|Any CPU
		{99641909-C59E-4E20-8550-D065037233C6}.Debug|iPhone.Build.0 = Debug|Any CPU
		{99641909-C59E-4E20-8550-D065037233C6}.Debug|iPhoneSimulator.ActiveCfg = Debug|Any CPU
		{99641909-C59E-4E20-8550-D065037233C6}.Debug|iPhoneSimulator.Build.0 = Debug|Any CPU
		{99641909-C59E-4E20-8550-D065037233C6}.Release|Any CPU.ActiveCfg = Release|Any CPU
		{99641909-C59E-4E20-8550-D065037233C6}.Release|Any CPU.Build.0 = Release|Any CPU
		{99641909-C59E-4E20-8550-D065037233C6}.Release|iPhone.ActiveCfg = Release|Any CPU
		{99641909-C59E-4E20-8550-D065037233C6}.Release|iPhone.Build.0 = Release|Any CPU
		{99641909-C59E-4E20-8550-D065037233C6}.Release|iPhoneSimulator.ActiveCfg = Release|Any CPU
		{99641909-C59E-4E20-8550-D065037233C6}.Release|iPhoneSimulator.Build.0 = Release|Any CPU
		{A28A267D-0EA2-465C-A024-9E4D2CC4C898}.Ad-Hoc|iPhone.ActiveCfg = Ad-Hoc|iPhone
		{A28A267D-0EA2-465C-A024-9E4D2CC4C898}.Ad-Hoc|iPhone.Build.0 = Ad-Hoc|iPhone
		{A28A267D-0EA2-465C-A024-9E4D2CC4C898}.AppStore|iPhone.ActiveCfg = AppStore|iPhone
		{A28A267D-0EA2-465C-A024-9E4D2CC4C898}.AppStore|iPhone.Build.0 = AppStore|iPhone
		{A28A267D-0EA2-465C-A024-9E4D2CC4C898}.Debug|Any CPU.ActiveCfg = Debug|iPhoneSimulator
		{A28A267D-0EA2-465C-A024-9E4D2CC4C898}.Debug|Any CPU.Build.0 = Debug|iPhoneSimulator
		{A28A267D-0EA2-465C-A024-9E4D2CC4C898}.Debug|iPhone.ActiveCfg = Debug|iPhone
		{A28A267D-0EA2-465C-A024-9E4D2CC4C898}.Debug|iPhone.Build.0 = Debug|iPhone
		{A28A267D-0EA2-465C-A024-9E4D2CC4C898}.Debug|iPhoneSimulator.ActiveCfg = Debug|iPhoneSimulator
		{A28A267D-0EA2-465C-A024-9E4D2CC4C898}.Debug|iPhoneSimulator.Build.0 = Debug|iPhoneSimulator
		{A28A267D-0EA2-465C-A024-9E4D2CC4C898}.Release|Any CPU.ActiveCfg = Release|iPhoneSimulator
		{A28A267D-0EA2-465C-A024-9E4D2CC4C898}.Release|Any CPU.Build.0 = Release|iPhoneSimulator
		{A28A267D-0EA2-465C-A024-9E4D2CC4C898}.Release|iPhone.ActiveCfg = Release|iPhone
		{A28A267D-0EA2-465C-A024-9E4D2CC4C898}.Release|iPhone.Build.0 = Release|iPhone
		{A28A267D-0EA2-465C-A024-9E4D2CC4C898}.Release|iPhoneSimulator.ActiveCfg = Release|iPhoneSimulator
		{A28A267D-0EA2-465C-A024-9E4D2CC4C898}.Release|iPhoneSimulator.Build.0 = Release|iPhoneSimulator
	EndGlobalSection
	GlobalSection(MonoDevelopProperties) = preSolution
		StartupItem = TMM_iOS\TMM_iOS.csproj
		Policies = $0
		$0.VersionControlPolicy = $1
		$1.inheritsSet = Mono
	EndGlobalSection
EndGlobal
